
Microsoft Visual Studio Solution File, Format Version 12.00
# Visual Studio Version 17
VisualStudioVersion = 17.8.34511.84
MinimumVisualStudioVersion = 10.0.40219.1
Project("{9A19103F-16F7-4668-BE54-9A1E7A4F7556}") = "serie4", "serie4\serie4.csproj", "{5349190A-F5FE-48E5-BF3C-3BEED03A4A78}"
EndProject
Project("{9A19103F-16F7-4668-BE54-9A1E7A4F7556}") = "serie1", "serie1\serie1.csproj", "{DDFCBAD0-99B0-4275-8DE5-E52A64CA8937}"
EndProject
Project("{9A19103F-16F7-4668-BE54-9A1E7A4F7556}") = "serie6", "serie6\serie6.csproj", "{613A2095-9D08-4467-93BF-C93ECDA227A2}"
EndProject
Project("{FAE04EC0-301F-11D3-BF4B-00C04F79EFBC}") = "serie7", "serie7\serie7.csproj", "{35EB8764-9DDA-4ED8-809C-19D9B9604A76}"
EndProject
Global
	GlobalSection(SolutionConfigurationPlatforms) = preSolution
		Debug|Any CPU = Debug|Any CPU
		Release|Any CPU = Release|Any CPU
	EndGlobalSection
	GlobalSection(ProjectConfigurationPlatforms) = postSolution
		{5349190A-F5FE-48E5-BF3C-3BEED03A4A78}.Debug|Any CPU.ActiveCfg = Debug|Any CPU
		{5349190A-F5FE-48E5-BF3C-3BEED03A4A78}.Debug|Any CPU.Build.0 = Debug|Any CPU
		{5349190A-F5FE-48E5-BF3C-3BEED03A4A78}.Release|Any CPU.ActiveCfg = Release|Any CPU
		{5349190A-F5FE-48E5-BF3C-3BEED03A4A78}.Release|Any CPU.Build.0 = Release|Any CPU
		{DDFCBAD0-99B0-4275-8DE5-E52A64CA8937}.Debug|Any CPU.ActiveCfg = Debug|Any CPU
		{DDFCBAD0-99B0-4275-8DE5-E52A64CA8937}.Debug|Any CPU.Build.0 = Debug|Any CPU
		{DDFCBAD0-99B0-4275-8DE5-E52A64CA8937}.Release|Any CPU.ActiveCfg = Release|Any CPU
		{DDFCBAD0-99B0-4275-8DE5-E52A64CA8937}.Release|Any CPU.Build.0 = Release|Any CPU
		{613A2095-9D08-4467-93BF-C93ECDA227A2}.Debug|Any CPU.ActiveCfg = Debug|Any CPU
		{613A2095-9D08-4467-93BF-C93ECDA227A2}.Debug|Any CPU.Build.0 = Debug|Any CPU
		{613A2095-9D08-4467-93BF-C93ECDA227A2}.Release|Any CPU.ActiveCfg = Release|Any CPU
		{613A2095-9D08-4467-93BF-C93ECDA227A2}.Release|Any CPU.Build.0 = Release|Any CPU
		{35EB8764-9DDA-4ED8-809C-19D9B9604A76}.Debug|Any CPU.ActiveCfg = Debug|Any CPU
		{35EB8764-9DDA-4ED8-809C-19D9B9604A76}.Debug|Any CPU.Build.0 = Debug|Any CPU
		{35EB8764-9DDA-4ED8-809C-19D9B9604A76}.Release|Any CPU.ActiveCfg = Release|Any CPU
		{35EB8764-9DDA-4ED8-809C-19D9B9604A76}.Release|Any CPU.Build.0 = Release|Any CPU
	EndGlobalSection
	GlobalSection(SolutionProperties) = preSolution
		HideSolutionNode = FALSE
	EndGlobalSection
	GlobalSection(ExtensibilityGlobals) = postSolution
		SolutionGuid = {082114E4-0161-4F7A-A513-B629B0F0900E}
	EndGlobalSection
EndGlobal
